
Microsoft Visual Studio Solution File, Format Version 12.00
# Visual Studio Version 16
VisualStudioVersion = 16.0.30406.217
MinimumVisualStudioVersion = 10.0.40219.1
Project("{FAE04EC0-301F-11D3-BF4B-00C04F79EFBC}") = "Example41", "Example41.csproj", "{EC432508-8A14-40C3-83CB-AAFDB17E9479}"
EndProject
Global
	GlobalSection(SolutionConfigurationPlatforms) = preSolution
		Debug|Any CPU = Debug|Any CPU
		Release|Any CPU = Release|Any CPU
	EndGlobalSection
	GlobalSection(ProjectConfigurationPlatforms) = postSolution
		{EC432508-8A14-40C3-83CB-AAFDB17E9479}.Debug|Any CPU.ActiveCfg = Debug|Any CPU
		{EC432508-8A14-40C3-83CB-AAFDB17E9479}.Debug|Any CPU.Build.0 = Debug|Any CPU
		{EC432508-8A14-40C3-83CB-AAFDB17E9479}.Release|Any CPU.ActiveCfg = Release|Any CPU
		{EC432508-8A14-40C3-83CB-AAFDB17E9479}.Release|Any CPU.Build.0 = Release|Any CPU
	EndGlobalSection
	GlobalSection(SolutionProperties) = preSolution
		HideSolutionNode = FALSE
	EndGlobalSection
	GlobalSection(ExtensibilityGlobals) = postSolution
		SolutionGuid = {2DA6CF6C-C6C8-433D-8E98-2A1E34A66FFB}
	EndGlobalSection
EndGlobal
