
Microsoft Visual Studio Solution File, Format Version 12.00
# Visual Studio Version 16
VisualStudioVersion = 16.0.30406.217
MinimumVisualStudioVersion = 10.0.40219.1
Project("{FAE04EC0-301F-11D3-BF4B-00C04F79EFBC}") = "Example8", "Example8.csproj", "{B99349CF-CC24-472F-B773-BFC7067377D6}"
EndProject
Global
	GlobalSection(SolutionConfigurationPlatforms) = preSolution
		Debug|Any CPU = Debug|Any CPU
		Release|Any CPU = Release|Any CPU
	EndGlobalSection
	GlobalSection(ProjectConfigurationPlatforms) = postSolution
		{B99349CF-CC24-472F-B773-BFC7067377D6}.Debug|Any CPU.ActiveCfg = Debug|Any CPU
		{B99349CF-CC24-472F-B773-BFC7067377D6}.Debug|Any CPU.Build.0 = Debug|Any CPU
		{B99349CF-CC24-472F-B773-BFC7067377D6}.Release|Any CPU.ActiveCfg = Release|Any CPU
		{B99349CF-CC24-472F-B773-BFC7067377D6}.Release|Any CPU.Build.0 = Release|Any CPU
	EndGlobalSection
	GlobalSection(SolutionProperties) = preSolution
		HideSolutionNode = FALSE
	EndGlobalSection
	GlobalSection(ExtensibilityGlobals) = postSolution
		SolutionGuid = {4A27D905-A653-4740-9DE1-80F012E1161D}
	EndGlobalSection
EndGlobal
