
Microsoft Visual Studio Solution File, Format Version 12.00
# Visual Studio Version 16
VisualStudioVersion = 16.0.30406.217
MinimumVisualStudioVersion = 10.0.40219.1
Project("{FAE04EC0-301F-11D3-BF4B-00C04F79EFBC}") = "Example18", "Example18.csproj", "{F6551C2F-226E-4EF8-AAE8-DF5E982B3A51}"
EndProject
Global
	GlobalSection(SolutionConfigurationPlatforms) = preSolution
		Debug|Any CPU = Debug|Any CPU
		Release|Any CPU = Release|Any CPU
	EndGlobalSection
	GlobalSection(ProjectConfigurationPlatforms) = postSolution
		{F6551C2F-226E-4EF8-AAE8-DF5E982B3A51}.Debug|Any CPU.ActiveCfg = Debug|Any CPU
		{F6551C2F-226E-4EF8-AAE8-DF5E982B3A51}.Debug|Any CPU.Build.0 = Debug|Any CPU
		{F6551C2F-226E-4EF8-AAE8-DF5E982B3A51}.Release|Any CPU.ActiveCfg = Release|Any CPU
		{F6551C2F-226E-4EF8-AAE8-DF5E982B3A51}.Release|Any CPU.Build.0 = Release|Any CPU
	EndGlobalSection
	GlobalSection(SolutionProperties) = preSolution
		HideSolutionNode = FALSE
	EndGlobalSection
	GlobalSection(ExtensibilityGlobals) = postSolution
		SolutionGuid = {FD9D3E38-054C-43A0-A5D6-0B3E27F43449}
	EndGlobalSection
EndGlobal
