
Microsoft Visual Studio Solution File, Format Version 12.00
# Visual Studio Version 16
VisualStudioVersion = 16.0.30406.217
MinimumVisualStudioVersion = 10.0.40219.1
Project("{FAE04EC0-301F-11D3-BF4B-00C04F79EFBC}") = "Example13-2", "Example13-2.csproj", "{D2D83A97-A935-418E-82D7-033CA980FE2D}"
EndProject
Global
	GlobalSection(SolutionConfigurationPlatforms) = preSolution
		Debug|Any CPU = Debug|Any CPU
		Release|Any CPU = Release|Any CPU
	EndGlobalSection
	GlobalSection(ProjectConfigurationPlatforms) = postSolution
		{D2D83A97-A935-418E-82D7-033CA980FE2D}.Debug|Any CPU.ActiveCfg = Debug|Any CPU
		{D2D83A97-A935-418E-82D7-033CA980FE2D}.Debug|Any CPU.Build.0 = Debug|Any CPU
		{D2D83A97-A935-418E-82D7-033CA980FE2D}.Release|Any CPU.ActiveCfg = Release|Any CPU
		{D2D83A97-A935-418E-82D7-033CA980FE2D}.Release|Any CPU.Build.0 = Release|Any CPU
	EndGlobalSection
	GlobalSection(SolutionProperties) = preSolution
		HideSolutionNode = FALSE
	EndGlobalSection
	GlobalSection(ExtensibilityGlobals) = postSolution
		SolutionGuid = {DF89FB9F-CB21-441E-9E5E-C18BCA99CDAB}
	EndGlobalSection
EndGlobal
