
Microsoft Visual Studio Solution File, Format Version 12.00
# Visual Studio Version 16
VisualStudioVersion = 16.0.30406.217
MinimumVisualStudioVersion = 10.0.40219.1
Project("{FAE04EC0-301F-11D3-BF4B-00C04F79EFBC}") = "Example9", "Example9.csproj", "{B2F9093E-1D97-43CF-BAAB-9AB725218B3E}"
EndProject
Global
	GlobalSection(SolutionConfigurationPlatforms) = preSolution
		Debug|Any CPU = Debug|Any CPU
		Release|Any CPU = Release|Any CPU
	EndGlobalSection
	GlobalSection(ProjectConfigurationPlatforms) = postSolution
		{B2F9093E-1D97-43CF-BAAB-9AB725218B3E}.Debug|Any CPU.ActiveCfg = Debug|Any CPU
		{B2F9093E-1D97-43CF-BAAB-9AB725218B3E}.Debug|Any CPU.Build.0 = Debug|Any CPU
		{B2F9093E-1D97-43CF-BAAB-9AB725218B3E}.Release|Any CPU.ActiveCfg = Release|Any CPU
		{B2F9093E-1D97-43CF-BAAB-9AB725218B3E}.Release|Any CPU.Build.0 = Release|Any CPU
	EndGlobalSection
	GlobalSection(SolutionProperties) = preSolution
		HideSolutionNode = FALSE
	EndGlobalSection
	GlobalSection(ExtensibilityGlobals) = postSolution
		SolutionGuid = {0D57E745-8D9A-4888-AC23-41C413F11F61}
	EndGlobalSection
EndGlobal
