
Microsoft Visual Studio Solution File, Format Version 12.00
# Visual Studio Version 16
VisualStudioVersion = 16.0.30406.217
MinimumVisualStudioVersion = 10.0.40219.1
Project("{FAE04EC0-301F-11D3-BF4B-00C04F79EFBC}") = "Example17", "Example17.csproj", "{309A5144-544A-402F-BBED-E7EB322B7E62}"
EndProject
Global
	GlobalSection(SolutionConfigurationPlatforms) = preSolution
		Debug|Any CPU = Debug|Any CPU
		Release|Any CPU = Release|Any CPU
	EndGlobalSection
	GlobalSection(ProjectConfigurationPlatforms) = postSolution
		{309A5144-544A-402F-BBED-E7EB322B7E62}.Debug|Any CPU.ActiveCfg = Debug|Any CPU
		{309A5144-544A-402F-BBED-E7EB322B7E62}.Debug|Any CPU.Build.0 = Debug|Any CPU
		{309A5144-544A-402F-BBED-E7EB322B7E62}.Release|Any CPU.ActiveCfg = Release|Any CPU
		{309A5144-544A-402F-BBED-E7EB322B7E62}.Release|Any CPU.Build.0 = Release|Any CPU
	EndGlobalSection
	GlobalSection(SolutionProperties) = preSolution
		HideSolutionNode = FALSE
	EndGlobalSection
	GlobalSection(ExtensibilityGlobals) = postSolution
		SolutionGuid = {9DFD7E3E-B289-4437-A904-158ACD5679BF}
	EndGlobalSection
EndGlobal
