
Microsoft Visual Studio Solution File, Format Version 12.00
# Visual Studio Version 16
VisualStudioVersion = 16.0.30406.217
MinimumVisualStudioVersion = 10.0.40219.1
Project("{FAE04EC0-301F-11D3-BF4B-00C04F79EFBC}") = "Example9-2", "Example9-2.csproj", "{2B6D53E5-1ED0-4C77-A625-EBDB27BA7F53}"
EndProject
Global
	GlobalSection(SolutionConfigurationPlatforms) = preSolution
		Debug|Any CPU = Debug|Any CPU
		Release|Any CPU = Release|Any CPU
	EndGlobalSection
	GlobalSection(ProjectConfigurationPlatforms) = postSolution
		{2B6D53E5-1ED0-4C77-A625-EBDB27BA7F53}.Debug|Any CPU.ActiveCfg = Debug|Any CPU
		{2B6D53E5-1ED0-4C77-A625-EBDB27BA7F53}.Debug|Any CPU.Build.0 = Debug|Any CPU
		{2B6D53E5-1ED0-4C77-A625-EBDB27BA7F53}.Release|Any CPU.ActiveCfg = Release|Any CPU
		{2B6D53E5-1ED0-4C77-A625-EBDB27BA7F53}.Release|Any CPU.Build.0 = Release|Any CPU
	EndGlobalSection
	GlobalSection(SolutionProperties) = preSolution
		HideSolutionNode = FALSE
	EndGlobalSection
	GlobalSection(ExtensibilityGlobals) = postSolution
		SolutionGuid = {1C35CD81-2607-4A74-A998-C6A324E4AFB3}
	EndGlobalSection
EndGlobal
