
Microsoft Visual Studio Solution File, Format Version 12.00
# Visual Studio Version 16
VisualStudioVersion = 16.0.30406.217
MinimumVisualStudioVersion = 10.0.40219.1
Project("{FAE04EC0-301F-11D3-BF4B-00C04F79EFBC}") = "Example55", "Example55.csproj", "{5D33A786-A52C-41A0-AB4C-226BA9A042D1}"
EndProject
Global
	GlobalSection(SolutionConfigurationPlatforms) = preSolution
		Debug|Any CPU = Debug|Any CPU
		Release|Any CPU = Release|Any CPU
	EndGlobalSection
	GlobalSection(ProjectConfigurationPlatforms) = postSolution
		{5D33A786-A52C-41A0-AB4C-226BA9A042D1}.Debug|Any CPU.ActiveCfg = Debug|Any CPU
		{5D33A786-A52C-41A0-AB4C-226BA9A042D1}.Debug|Any CPU.Build.0 = Debug|Any CPU
		{5D33A786-A52C-41A0-AB4C-226BA9A042D1}.Release|Any CPU.ActiveCfg = Release|Any CPU
		{5D33A786-A52C-41A0-AB4C-226BA9A042D1}.Release|Any CPU.Build.0 = Release|Any CPU
	EndGlobalSection
	GlobalSection(SolutionProperties) = preSolution
		HideSolutionNode = FALSE
	EndGlobalSection
	GlobalSection(ExtensibilityGlobals) = postSolution
		SolutionGuid = {40D5850A-7576-4F4D-ADFA-46E611F97F57}
	EndGlobalSection
EndGlobal
