
Microsoft Visual Studio Solution File, Format Version 12.00
# Visual Studio Version 16
VisualStudioVersion = 16.0.30406.217
MinimumVisualStudioVersion = 10.0.40219.1
Project("{FAE04EC0-301F-11D3-BF4B-00C04F79EFBC}") = "Example48", "Example48.csproj", "{53524661-502B-44D7-B9FC-867766CDCF55}"
EndProject
Global
	GlobalSection(SolutionConfigurationPlatforms) = preSolution
		Debug|Any CPU = Debug|Any CPU
		Release|Any CPU = Release|Any CPU
	EndGlobalSection
	GlobalSection(ProjectConfigurationPlatforms) = postSolution
		{53524661-502B-44D7-B9FC-867766CDCF55}.Debug|Any CPU.ActiveCfg = Debug|Any CPU
		{53524661-502B-44D7-B9FC-867766CDCF55}.Debug|Any CPU.Build.0 = Debug|Any CPU
		{53524661-502B-44D7-B9FC-867766CDCF55}.Release|Any CPU.ActiveCfg = Release|Any CPU
		{53524661-502B-44D7-B9FC-867766CDCF55}.Release|Any CPU.Build.0 = Release|Any CPU
	EndGlobalSection
	GlobalSection(SolutionProperties) = preSolution
		HideSolutionNode = FALSE
	EndGlobalSection
	GlobalSection(ExtensibilityGlobals) = postSolution
		SolutionGuid = {23B37372-885C-4E22-AB74-81AC63840C1B}
	EndGlobalSection
EndGlobal
