
Microsoft Visual Studio Solution File, Format Version 12.00
# Visual Studio Version 16
VisualStudioVersion = 16.0.30406.217
MinimumVisualStudioVersion = 10.0.40219.1
Project("{FAE04EC0-301F-11D3-BF4B-00C04F79EFBC}") = "Example20", "Example20.csproj", "{199BFC35-AF3B-4EB0-B21C-73C6D5191705}"
EndProject
Global
	GlobalSection(SolutionConfigurationPlatforms) = preSolution
		Debug|Any CPU = Debug|Any CPU
		Release|Any CPU = Release|Any CPU
	EndGlobalSection
	GlobalSection(ProjectConfigurationPlatforms) = postSolution
		{199BFC35-AF3B-4EB0-B21C-73C6D5191705}.Debug|Any CPU.ActiveCfg = Debug|Any CPU
		{199BFC35-AF3B-4EB0-B21C-73C6D5191705}.Debug|Any CPU.Build.0 = Debug|Any CPU
		{199BFC35-AF3B-4EB0-B21C-73C6D5191705}.Release|Any CPU.ActiveCfg = Release|Any CPU
		{199BFC35-AF3B-4EB0-B21C-73C6D5191705}.Release|Any CPU.Build.0 = Release|Any CPU
	EndGlobalSection
	GlobalSection(SolutionProperties) = preSolution
		HideSolutionNode = FALSE
	EndGlobalSection
	GlobalSection(ExtensibilityGlobals) = postSolution
		SolutionGuid = {FD6BA1C8-AE75-4053-A03A-BA2BC2B72E9A}
	EndGlobalSection
EndGlobal
